{
  "nodes": {
    "flake-compat": {
      "flake": false,
      "locked": {
        "lastModified": 1606424373,
        "narHash": "sha256-oq8d4//CJOrVj+EcOaSXvMebvuTkmBJuT5tzlfewUnQ=",
        "owner": "edolstra",
        "repo": "flake-compat",
        "rev": "99f1c2157fba4bfe6211a321fd0ee43199025dbf",
        "type": "github"
      },
      "original": {
        "owner": "edolstra",
        "repo": "flake-compat",
        "type": "github"
      }
    },
    "flake-utils": {
      "locked": {
        "lastModified": 1617631617,
        "narHash": "sha256-PARRCz55qN3gy07VJZIlFeOX420d0nGF0RzGI/9hVlw=",
        "owner": "numtide",
        "repo": "flake-utils",
        "rev": "b2c27d1a81b0dc266270fa8aeecebbd1807fc610",
        "type": "github"
      },
      "original": {
        "owner": "numtide",
        "repo": "flake-utils",
        "type": "github"
      }
    },
    "home-manager": {
      "inputs": {
        "nixpkgs": [
          "nixpkgs"
        ]
      },
      "locked": {
        "lastModified": 1742655702,
        "narHash": "sha256-jbqlw4sPArFtNtA1s3kLg7/A4fzP4GLk9bGbtUJg0JQ=",
        "owner": "nix-community",
        "repo": "home-manager",
        "rev": "0948aeedc296f964140d9429223c7e4a0702a1ff",
        "type": "github"
      },
      "original": {
        "owner": "nix-community",
        "ref": "release-24.11",
        "repo": "home-manager",
        "type": "github"
      }
    },
    "kerasTunerSrc": {
      "flake": false,
      "locked": {
        "lastModified": 1636132191,
        "narHash": "sha256-DOMAz7Yjb3vfKYqjnhJZYhV1hrTgeOzkHc48XHUNrmM=",
        "owner": "keras-team",
        "repo": "keras-tuner",
        "rev": "4146d8e3182df6c4ce928e853a7b3c977ab00034",
        "type": "github"
      },
      "original": {
        "owner": "keras-team",
        "ref": "1.1.0",
        "repo": "keras-tuner",
        "type": "github"
      }
    },
    "ktLegacySrc": {
      "flake": false,
      "locked": {
        "lastModified": 1681342857,
        "narHash": "sha256-kuyQzuiCLWd2SNwSv/U5yJR3+hM2pfYX0B5tUzfdwFk=",
        "owner": "haifeng-jin",
        "repo": "kt-legacy",
        "rev": "24ee09049fc73bb6d1933f17bf853f4e0ca948c6",
        "type": "github"
      },
      "original": {
        "owner": "haifeng-jin",
        "repo": "kt-legacy",
        "type": "github"
      }
    },
    "musnix": {
      "inputs": {
        "nixpkgs": [
          "nixpkgs"
        ]
      },
      "locked": {
        "lastModified": 1720964546,
        "narHash": "sha256-HSGkLtz8Qu1RTl9FcdxgGcBTTJshXOMhEPeMPypb5wc=",
        "owner": "dpaetzel",
        "repo": "musnix",
        "rev": "89f3b8a420fdb687d7feb36c81920159bd1a9f89",
        "type": "github"
      },
      "original": {
        "owner": "dpaetzel",
        "ref": "expose-overlay",
        "repo": "musnix",
        "type": "github"
      }
    },
    "neuron": {
      "inputs": {
        "flake-compat": "flake-compat",
        "flake-utils": "flake-utils",
        "nixpkgs": "nixpkgs"
      },
      "locked": {
        "lastModified": 1665756974,
        "narHash": "sha256-OCnsYKKFOFsk15V71ztD61Rf3V09Bbwy1nqdHjpDF7M=",
        "owner": "srid",
        "repo": "neuron",
        "rev": "aff49d85dc7d9c4b011a1e5a27ffae8f7e4f5537",
        "type": "github"
      },
      "original": {
        "owner": "srid",
        "ref": "master",
        "repo": "neuron",
        "type": "github"
      }
    },
    "nixos-hardware": {
      "locked": {
        "lastModified": 1743167577,
        "narHash": "sha256-I09SrXIO0UdyBFfh0fxDq5WnCDg8XKmZ1HQbaXzMA1k=",
        "owner": "NixOS",
        "repo": "nixos-hardware",
        "rev": "0ed819e708af17bfc4bbc63ee080ef308a24aa42",
        "type": "github"
      },
      "original": {
        "owner": "NixOS",
        "ref": "master",
        "repo": "nixos-hardware",
        "type": "github"
      }
    },
    "nixpkgs": {
      "locked": {
        "lastModified": 1630140382,
        "narHash": "sha256-ntXepAHFlAEtaYIU5EzckRUODeeMgpu1u2Yug+4LFNc=",
        "owner": "nixos",
        "repo": "nixpkgs",
        "rev": "08ef0f28e3a41424b92ba1d203de64257a9fca6a",
        "type": "github"
      },
      "original": {
        "owner": "nixos",
        "repo": "nixpkgs",
        "rev": "08ef0f28e3a41424b92ba1d203de64257a9fca6a",
        "type": "github"
      }
    },
    "nixpkgs_2": {
      "locked": {
        "lastModified": 1728927814,
        "narHash": "sha256-adkLknNh96Yj2w6R37rsF6IgX14TqybLmGcmAf1AxmE=",
        "owner": "dpaetzel",
        "repo": "nixpkgs",
        "rev": "f395c1507b16fc128edb49e228815741405820ae",
        "type": "github"
      },
      "original": {
        "owner": "dpaetzel",
        "ref": "update-clipmenu",
        "repo": "nixpkgs",
        "type": "github"
      }
    },
    "overlays": {
      "inputs": {
        "kerasTunerSrc": "kerasTunerSrc",
        "ktLegacySrc": "ktLegacySrc"
      },
      "locked": {
        "lastModified": 1735903165,
        "narHash": "sha256-DmFgRjD5vKCt2sKYgg9qA0cCfl59ILgQcGbORMpbmW0=",
        "owner": "dpaetzel",
        "repo": "overlays",
        "rev": "06424d5929469dd2af262cccc8d6b7d09704783a",
        "type": "github"
      },
      "original": {
        "owner": "dpaetzel",
        "ref": "master",
        "repo": "overlays",
        "type": "github"
      }
    },
    "root": {
      "inputs": {
        "home-manager": "home-manager",
        "musnix": "musnix",
        "neuron": "neuron",
        "nixos-hardware": "nixos-hardware",
        "nixpkgs": "nixpkgs_2",
        "overlays": "overlays"
      }
    }
  },
  "root": "root",
  "version": 7
}
